
Microsoft Visual Studio Solution File, Format Version 12.00
# Visual Studio Version 17
VisualStudioVersion = 17.4.33205.214
MinimumVisualStudioVersion = 10.0.40219.1
Project("{8BC9CEB8-8B4A-11D0-8D11-00A0C91BC942}") = "Project3", "Project3.vcxproj", "{285F1E70-CF72-46C1-9F71-8B562B8F2387}"
EndProject
Global
	GlobalSection(SolutionConfigurationPlatforms) = preSolution
		Debug|x64 = Debug|x64
		Debug|x86 = Debug|x86
		Release|x64 = Release|x64
		Release|x86 = Release|x86
	EndGlobalSection
	GlobalSection(ProjectConfigurationPlatforms) = postSolution
		{285F1E70-CF72-46C1-9F71-8B562B8F2387}.Debug|x64.ActiveCfg = Debug|x64
		{285F1E70-CF72-46C1-9F71-8B562B8F2387}.Debug|x64.Build.0 = Debug|x64
		{285F1E70-CF72-46C1-9F71-8B562B8F2387}.Debug|x86.ActiveCfg = Debug|Win32
		{285F1E70-CF72-46C1-9F71-8B562B8F2387}.Debug|x86.Build.0 = Debug|Win32
		{285F1E70-CF72-46C1-9F71-8B562B8F2387}.Release|x64.ActiveCfg = Release|x64
		{285F1E70-CF72-46C1-9F71-8B562B8F2387}.Release|x64.Build.0 = Release|x64
		{285F1E70-CF72-46C1-9F71-8B562B8F2387}.Release|x86.ActiveCfg = Release|Win32
		{285F1E70-CF72-46C1-9F71-8B562B8F2387}.Release|x86.Build.0 = Release|Win32
	EndGlobalSection
	GlobalSection(SolutionProperties) = preSolution
		HideSolutionNode = FALSE
	EndGlobalSection
	GlobalSection(ExtensibilityGlobals) = postSolution
		SolutionGuid = {97635D54-B584-4DC8-88E0-5049E5D45A9A}
	EndGlobalSection
EndGlobal
